
Microsoft Visual Studio Solution File, Format Version 11.00
# Visual Studio 2010
Project("{FAE04EC0-301F-11D3-BF4B-00C04F79EFBC}") = "STA.Carichi.Sisma", "Sismica\STA.Carichi.Sisma.csproj", "{56F309DE-0875-4B5A-B06F-3976B82FC9E0}"
EndProject
Project("{2150E333-8FDC-42A3-9474-1A3956D46DE8}") = "Carichi", "Carichi", "{0E75D224-306A-4B63-8597-059D432DB97E}"
EndProject
Project("{FAE04EC0-301F-11D3-BF4B-00C04F79EFBC}") = "Vento", "Vento\Vento.csproj", "{9CA43DA2-69B4-4112-9126-E1A6D0FA20B1}"
EndProject
Project("{FAE04EC0-301F-11D3-BF4B-00C04F79EFBC}") = "STA_Dimensionamento Plinti", "STA_Dimensionamento Plinti\STA_Dimensionamento Plinti.csproj", "{2E0713AD-B87B-45C0-B79B-025C11701BFC}"
EndProject
Project("{2150E333-8FDC-42A3-9474-1A3956D46DE8}") = "icone", "icone", "{EE5E45E8-2084-4617-8102-26DD784C8B77}"
	ProjectSection(SolutionItems) = preProject
		\\thor\scaricati\icone\aesthetica-version-2_ico\ico\folder.ico = \\thor\scaricati\icone\aesthetica-version-2_ico\ico\folder.ico
	EndProjectSection
EndProject
Project("{2150E333-8FDC-42A3-9474-1A3956D46DE8}") = "Materiali", "Materiali", "{D80D1401-5CF7-4CB0-9C79-1A6337041615}"
EndProject
Project("{FAE04EC0-301F-11D3-BF4B-00C04F79EFBC}") = "Acciai", "Acciai\Acciai.csproj", "{D3F7CFA2-D97D-4E92-A75C-31A6C7398F06}"
EndProject
Project("{2150E333-8FDC-42A3-9474-1A3956D46DE8}") = "Finestra", "Finestra", "{65F158F5-FDDC-4EBF-A1CB-1DC34D953159}"
EndProject
Project("{FAE04EC0-301F-11D3-BF4B-00C04F79EFBC}") = "controlloWPFVentoBase", "controlloWPFVentoBase\controlloWPFVentoBase.csproj", "{B170BD74-5116-41D8-A149-A3B049A142B3}"
EndProject
Project("{FAE04EC0-301F-11D3-BF4B-00C04F79EFBC}") = "Calcestruzzo", "Calcestruzzo\Calcestruzzo.csproj", "{0DD11CA3-07FC-4BC6-823C-DBA79360D75A}"
EndProject
Project("{FAE04EC0-301F-11D3-BF4B-00C04F79EFBC}") = "VisualizzaMateriali", "VisualizzaMateriali\VisualizzaMateriali.csproj", "{808414A6-741D-45DD-990E-4E015E871CFF}"
EndProject
Project("{2150E333-8FDC-42A3-9474-1A3956D46DE8}") = "prefabbricato", "prefabbricato", "{706403C8-8A6F-49FB-A03F-B917E5F81905}"
EndProject
Project("{2150E333-8FDC-42A3-9474-1A3956D46DE8}") = "Classi", "Classi", "{2956C94D-49E2-4A9A-83E6-D746F79CF9B6}"
EndProject
Project("{2150E333-8FDC-42A3-9474-1A3956D46DE8}") = "Geometria delle Masse", "Geometria delle Masse", "{3AB045EC-8A38-4B15-805C-8BC7DC3DD24E}"
EndProject
Project("{FAE04EC0-301F-11D3-BF4B-00C04F79EFBC}") = "STA.Geometria.Masse", "SezioneSemplice\STA.Geometria.Masse.csproj", "{9A935CE7-CACA-4D23-96FD-8BE8045D9AD3}"
EndProject
Project("{2150E333-8FDC-42A3-9474-1A3956D46DE8}") = "Geometria", "Geometria", "{12FDF299-A08F-4226-A5A8-18067B557404}"
EndProject
Project("{FAE04EC0-301F-11D3-BF4B-00C04F79EFBC}") = "STA.Geometria", "Geometria\STA.Geometria.csproj", "{A6A88A15-37EE-46A2-B502-1E0AED53154A}"
EndProject
Project("{2150E333-8FDC-42A3-9474-1A3956D46DE8}") = "Grafica", "Grafica", "{00C4508F-2A4A-4943-82DE-319577D74FC0}"
EndProject
Project("{FAE04EC0-301F-11D3-BF4B-00C04F79EFBC}") = "STA.Grafica", "STA.Grafica\STA.Grafica.csproj", "{002C5A0F-8055-4664-8403-0D7BA9B35DB2}"
EndProject
Project("{FAE04EC0-301F-11D3-BF4B-00C04F79EFBC}") = "Utilità", "FinestraTest\Utilità.csproj", "{39B2032B-5276-4437-8717-DCAC9D9542B2}"
EndProject
Project("{FAE04EC0-301F-11D3-BF4B-00C04F79EFBC}") = "STA.Carichi.Neve", "Neve\STA.Carichi.Neve.csproj", "{653A8887-2058-4893-A18A-21E3ADB068F5}"
EndProject
Project("{FAE04EC0-301F-11D3-BF4B-00C04F79EFBC}") = "STA.Prefabbricato.TraveIsostatica", "Trave Prefabbricata\STA.Prefabbricato.TraveIsostatica.csproj", "{D7126F8E-6F4E-4AC7-B39F-C5900970D32E}"
EndProject
Project("{FAE04EC0-301F-11D3-BF4B-00C04F79EFBC}") = "STA.Interfaccia", "STA.Interfaccia\STA.Interfaccia.csproj", "{A547D8BF-3843-4508-BF5F-59943986B971}"
EndProject
Project("{2150E333-8FDC-42A3-9474-1A3956D46DE8}") = "Moduli", "Moduli", "{B7822A58-E10A-4051-80B1-B59B836FE611}"
EndProject
Project("{FAE04EC0-301F-11D3-BF4B-00C04F79EFBC}") = "STA.Modules.CaricoVento", "ModuloLoadVento\STA.Modules.CaricoVento.csproj", "{5B9F6F66-AB3C-4740-8499-07B52EC41FDD}"
EndProject
Project("{FAE04EC0-301F-11D3-BF4B-00C04F79EFBC}") = "STA.Interfaccia.Common", "STA.Interfaccia.Common\STA.Interfaccia.Common.csproj", "{939BF0D5-4F8E-4554-B245-47789755833F}"
EndProject
Project("{FAE04EC0-301F-11D3-BF4B-00C04F79EFBC}") = "STA.Modules.CaricoNeve", "STA.Modules.CaricoNeve\STA.Modules.CaricoNeve.csproj", "{709DF0AF-C4BC-46B4-85FE-F2AFDF77CF96}"
EndProject
Project("{FAE04EC0-301F-11D3-BF4B-00C04F79EFBC}") = "STA.Modules.GestioneCarichi", "STA.Modules.GestioneCarichi\STA.Modules.GestioneCarichi.csproj", "{8BE205E5-2F4A-4B11-90BB-F13773F08150}"
EndProject
Project("{FAE04EC0-301F-11D3-BF4B-00C04F79EFBC}") = "STA.Modules.CaricoSisma", "STA.Modules.CaricoSisma\STA.Modules.CaricoSisma.csproj", "{FCE43A38-7BF5-4525-8F43-B5FE9C94D7AC}"
EndProject
Project("{2150E333-8FDC-42A3-9474-1A3956D46DE8}") = "Classi Comuni", "Classi Comuni", "{0E5BA4A7-E56E-4456-B7F6-C16309F88354}"
EndProject
Project("{FAE04EC0-301F-11D3-BF4B-00C04F79EFBC}") = "STA.Common", "STA.Common\STA.Common.csproj", "{D6F9D0AB-E340-4E63-81E8-FB7B4AE238D8}"
EndProject
Project("{FAE04EC0-301F-11D3-BF4B-00C04F79EFBC}") = "STA.Prefabbricato.Trave.Interfaccia", "STA.Prefabbricato.Trave.Interfaccia\STA.Prefabbricato.Trave.Interfaccia.csproj", "{3F5F4B7E-07FF-49AC-AB6B-96C023918AB2}"
EndProject
Project("{2150E333-8FDC-42A3-9474-1A3956D46DE8}") = "Interfaccia", "Interfaccia", "{CB2C6716-2C02-409B-8AF6-AF4CD16E1AC1}"
EndProject
Project("{2150E333-8FDC-42A3-9474-1A3956D46DE8}") = "Moduli", "Moduli", "{2B5774BE-CF76-42BF-AC98-F6BC96108351}"
EndProject
Project("{FAE04EC0-301F-11D3-BF4B-00C04F79EFBC}") = "STA.Prefabbricato.Trefolatura", "STA.Prefabbricato.Trefolatura\STA.Prefabbricato.Trefolatura.csproj", "{04765C4F-909E-4597-8FA0-701C49FC8048}"
EndProject
Project("{FAE04EC0-301F-11D3-BF4B-00C04F79EFBC}") = "STA.Prefabbricato.Interfaccia.Moduli.GestioneTrefolatura", "STA.Prefabbricato.Interfaccia.Moduli.GestioneTrefolatura\STA.Prefabbricato.Interfaccia.Moduli.GestioneTrefolatura.csproj", "{BA6976EB-8BB7-4AA8-ABFA-408A2511B5C1}"
EndProject
Project("{FAE04EC0-301F-11D3-BF4B-00C04F79EFBC}") = "STA.Prefabbricato.Interfaccia.Moduli.GestioneSezione", "STA.Prefabbricato.Interfaccia.Moduli.GestioneSezione\STA.Prefabbricato.Interfaccia.Moduli.GestioneSezione.csproj", "{1EC66028-1EF9-4F78-B3AA-92A889223B51}"
EndProject
Project("{FAE04EC0-301F-11D3-BF4B-00C04F79EFBC}") = "STA.Prefabbricato.Interfaccia.Moduli.GestioneTraveIsostatica", "STA.Prefabbricato.Interfaccia.Moduli.GestioneTraveIsostatica\STA.Prefabbricato.Interfaccia.Moduli.GestioneTraveIsostatica.csproj", "{68F1A91A-6995-4A0C-BA06-328909A41189}"
EndProject
Global
	GlobalSection(TeamFoundationVersionControl) = preSolution
		SccNumberOfProjects = 26
		SccEnterpriseProvider = {4CA58AB2-18FA-4F8D-95D4-32DDF27D184C}
		SccTeamFoundationServer = http://sta-cluster-c:8080/tfs/sta%20_%20progetti%20software
		SccLocalPath0 = .
		SccProjectUniqueName1 = Vento\\Vento.csproj
		SccProjectTopLevelParentUniqueName1 = Calcolo.sln
		SccProjectName1 = Vento
		SccLocalPath1 = Vento
		SccProjectUniqueName2 = STA_Dimensionamento\u0020Plinti\\STA_Dimensionamento\u0020Plinti.csproj
		SccProjectName2 = STA_Dimensionamento\u0020Plinti
		SccLocalPath2 = STA_Dimensionamento\u0020Plinti
		SccProjectUniqueName3 = Acciai\\Acciai.csproj
		SccProjectTopLevelParentUniqueName3 = Calcolo.sln
		SccProjectName3 = Acciai
		SccLocalPath3 = Acciai
		SccProjectUniqueName4 = controlloWPFVentoBase\\controlloWPFVentoBase.csproj
		SccProjectTopLevelParentUniqueName4 = Calcolo.sln
		SccProjectName4 = controlloWPFVentoBase
		SccLocalPath4 = controlloWPFVentoBase
		SccProjectUniqueName5 = Calcestruzzo\\Calcestruzzo.csproj
		SccProjectTopLevelParentUniqueName5 = Calcolo.sln
		SccProjectName5 = Calcestruzzo
		SccLocalPath5 = Calcestruzzo
		SccProjectUniqueName6 = VisualizzaMateriali\\VisualizzaMateriali.csproj
		SccProjectTopLevelParentUniqueName6 = Calcolo.sln
		SccProjectName6 = VisualizzaMateriali
		SccLocalPath6 = VisualizzaMateriali
		SccProjectUniqueName7 = STA.Grafica\\STA.Grafica.csproj
		SccProjectTopLevelParentUniqueName7 = Calcolo.sln
		SccProjectName7 = STA.Grafica
		SccLocalPath7 = STA.Grafica
		SccProjectUniqueName8 = FinestraTest\\Utilità.csproj
		SccProjectTopLevelParentUniqueName8 = Calcolo.sln
		SccProjectName8 = FinestraTest
		SccLocalPath8 = FinestraTest
		SccProjectUniqueName9 = STA.Interfaccia\\STA.Interfaccia.csproj
		SccProjectTopLevelParentUniqueName9 = Calcolo.sln
		SccProjectName9 = STA.Interfaccia
		SccLocalPath9 = STA.Interfaccia
		SccProjectUniqueName10 = STA.Interfaccia.Common\\STA.Interfaccia.Common.csproj
		SccProjectTopLevelParentUniqueName10 = Calcolo.sln
		SccProjectName10 = STA.Interfaccia.Common
		SccLocalPath10 = STA.Interfaccia.Common
		SccProjectUniqueName11 = STA.Modules.CaricoNeve\\STA.Modules.CaricoNeve.csproj
		SccProjectTopLevelParentUniqueName11 = Calcolo.sln
		SccProjectName11 = STA.Modules.CaricoNeve
		SccLocalPath11 = STA.Modules.CaricoNeve
		SccProjectUniqueName12 = STA.Modules.GestioneCarichi\\STA.Modules.GestioneCarichi.csproj
		SccProjectTopLevelParentUniqueName12 = Calcolo.sln
		SccProjectName12 = STA.Modules.GestioneCarichi
		SccLocalPath12 = STA.Modules.GestioneCarichi
		SccProjectUniqueName13 = ModuloLoadVento\\STA.Modules.CaricoVento.csproj
		SccProjectTopLevelParentUniqueName13 = Calcolo.sln
		SccProjectName13 = ModuloLoadVento
		SccLocalPath13 = ModuloLoadVento
		SccProjectUniqueName14 = STA.Modules.CaricoSisma\\STA.Modules.CaricoSisma.csproj
		SccProjectTopLevelParentUniqueName14 = Calcolo.sln
		SccProjectName14 = STA.Modules.CaricoSisma
		SccLocalPath14 = STA.Modules.CaricoSisma
		SccProjectUniqueName15 = Neve\\STA.Carichi.Neve.csproj
		SccProjectTopLevelParentUniqueName15 = Calcolo.sln
		SccProjectName15 = Neve
		SccLocalPath15 = Neve
		SccProjectUniqueName16 = Sismica\\STA.Carichi.Sisma.csproj
		SccProjectTopLevelParentUniqueName16 = Calcolo.sln
		SccProjectName16 = Sismica
		SccLocalPath16 = Sismica
		SccProjectUniqueName17 = STA.Common\\STA.Common.csproj
		SccProjectTopLevelParentUniqueName17 = Calcolo.sln
		SccProjectName17 = STA.Common
		SccLocalPath17 = STA.Common
		SccProjectUniqueName18 = STA.Prefabbricato.Trave.Interfaccia\\STA.Prefabbricato.Trave.Interfaccia.csproj
		SccProjectTopLevelParentUniqueName18 = Calcolo.sln
		SccProjectName18 = STA.Prefabbricato.Trave.Interfaccia
		SccLocalPath18 = STA.Prefabbricato.Trave.Interfaccia
		SccProjectUniqueName19 = STA.Prefabbricato.Trefolatura\\STA.Prefabbricato.Trefolatura.csproj
		SccProjectTopLevelParentUniqueName19 = Calcolo.sln
		SccProjectName19 = STA.Prefabbricato.Trefolatura
		SccLocalPath19 = STA.Prefabbricato.Trefolatura
		SccProjectUniqueName20 = STA.Prefabbricato.Interfaccia.Moduli.GestioneTrefolatura\\STA.Prefabbricato.Interfaccia.Moduli.GestioneTrefolatura.csproj
		SccProjectTopLevelParentUniqueName20 = Calcolo.sln
		SccProjectName20 = STA.Prefabbricato.Interfaccia.Moduli.GestioneTrefolatura
		SccLocalPath20 = STA.Prefabbricato.Interfaccia.Moduli.GestioneTrefolatura
		SccProjectUniqueName21 = STA.Prefabbricato.Interfaccia.Moduli.GestioneSezione\\STA.Prefabbricato.Interfaccia.Moduli.GestioneSezione.csproj
		SccProjectTopLevelParentUniqueName21 = Calcolo.sln
		SccProjectName21 = STA.Prefabbricato.Interfaccia.Moduli.GestioneSezione
		SccLocalPath21 = STA.Prefabbricato.Interfaccia.Moduli.GestioneSezione
		SccProjectUniqueName22 = Geometria\\STA.Geometria.csproj
		SccProjectTopLevelParentUniqueName22 = Calcolo.sln
		SccProjectName22 = Geometria
		SccLocalPath22 = Geometria
		SccProjectUniqueName23 = SezioneSemplice\\STA.Geometria.Masse.csproj
		SccProjectTopLevelParentUniqueName23 = Calcolo.sln
		SccProjectName23 = SezioneSemplice
		SccLocalPath23 = SezioneSemplice
		SccProjectUniqueName24 = STA.Prefabbricato.Interfaccia.Moduli.GestioneTraveIsostatica\\STA.Prefabbricato.Interfaccia.Moduli.GestioneTraveIsostatica.csproj
		SccProjectTopLevelParentUniqueName24 = Calcolo.sln
		SccProjectName24 = STA.Prefabbricato.Interfaccia.Moduli.GestioneTraveIsostatica
		SccLocalPath24 = STA.Prefabbricato.Interfaccia.Moduli.GestioneTraveIsostatica
		SccProjectUniqueName25 = Trave\u0020Prefabbricata\\STA.Prefabbricato.TraveIsostatica.csproj
		SccProjectTopLevelParentUniqueName25 = Calcolo.sln
		SccProjectName25 = Trave\u0020Prefabbricata
		SccLocalPath25 = Trave\u0020Prefabbricata
	EndGlobalSection
	GlobalSection(SolutionConfigurationPlatforms) = preSolution
		Debug|Any CPU = Debug|Any CPU
		Debug|Mixed Platforms = Debug|Mixed Platforms
		Debug|x64 = Debug|x64
		Debug|x86 = Debug|x86
		Release|Any CPU = Release|Any CPU
		Release|Mixed Platforms = Release|Mixed Platforms
		Release|x64 = Release|x64
		Release|x86 = Release|x86
	EndGlobalSection
	GlobalSection(ProjectConfigurationPlatforms) = postSolution
		{56F309DE-0875-4B5A-B06F-3976B82FC9E0}.Debug|Any CPU.ActiveCfg = Debug|Any CPU
		{56F309DE-0875-4B5A-B06F-3976B82FC9E0}.Debug|Any CPU.Build.0 = Debug|Any CPU
		{56F309DE-0875-4B5A-B06F-3976B82FC9E0}.Debug|Mixed Platforms.ActiveCfg = Debug|Any CPU
		{56F309DE-0875-4B5A-B06F-3976B82FC9E0}.Debug|Mixed Platforms.Build.0 = Debug|Any CPU
		{56F309DE-0875-4B5A-B06F-3976B82FC9E0}.Debug|x64.ActiveCfg = Debug|Any CPU
		{56F309DE-0875-4B5A-B06F-3976B82FC9E0}.Debug|x86.ActiveCfg = Debug|Any CPU
		{56F309DE-0875-4B5A-B06F-3976B82FC9E0}.Release|Any CPU.ActiveCfg = Release|Any CPU
		{56F309DE-0875-4B5A-B06F-3976B82FC9E0}.Release|Any CPU.Build.0 = Release|Any CPU
		{56F309DE-0875-4B5A-B06F-3976B82FC9E0}.Release|Mixed Platforms.ActiveCfg = Release|Any CPU
		{56F309DE-0875-4B5A-B06F-3976B82FC9E0}.Release|Mixed Platforms.Build.0 = Release|Any CPU
		{56F309DE-0875-4B5A-B06F-3976B82FC9E0}.Release|x64.ActiveCfg = Release|Any CPU
		{56F309DE-0875-4B5A-B06F-3976B82FC9E0}.Release|x86.ActiveCfg = Release|Any CPU
		{9CA43DA2-69B4-4112-9126-E1A6D0FA20B1}.Debug|Any CPU.ActiveCfg = Debug|Any CPU
		{9CA43DA2-69B4-4112-9126-E1A6D0FA20B1}.Debug|Any CPU.Build.0 = Debug|Any CPU
		{9CA43DA2-69B4-4112-9126-E1A6D0FA20B1}.Debug|Mixed Platforms.ActiveCfg = Debug|Any CPU
		{9CA43DA2-69B4-4112-9126-E1A6D0FA20B1}.Debug|Mixed Platforms.Build.0 = Debug|Any CPU
		{9CA43DA2-69B4-4112-9126-E1A6D0FA20B1}.Debug|x64.ActiveCfg = Debug|Any CPU
		{9CA43DA2-69B4-4112-9126-E1A6D0FA20B1}.Debug|x86.ActiveCfg = Debug|Any CPU
		{9CA43DA2-69B4-4112-9126-E1A6D0FA20B1}.Release|Any CPU.ActiveCfg = Release|Any CPU
		{9CA43DA2-69B4-4112-9126-E1A6D0FA20B1}.Release|Any CPU.Build.0 = Release|Any CPU
		{9CA43DA2-69B4-4112-9126-E1A6D0FA20B1}.Release|Mixed Platforms.ActiveCfg = Release|Any CPU
		{9CA43DA2-69B4-4112-9126-E1A6D0FA20B1}.Release|Mixed Platforms.Build.0 = Release|Any CPU
		{9CA43DA2-69B4-4112-9126-E1A6D0FA20B1}.Release|x64.ActiveCfg = Release|Any CPU
		{9CA43DA2-69B4-4112-9126-E1A6D0FA20B1}.Release|x86.ActiveCfg = Release|Any CPU
		{2E0713AD-B87B-45C0-B79B-025C11701BFC}.Debug|Any CPU.ActiveCfg = Debug|Any CPU
		{2E0713AD-B87B-45C0-B79B-025C11701BFC}.Debug|Any CPU.Build.0 = Debug|Any CPU
		{2E0713AD-B87B-45C0-B79B-025C11701BFC}.Debug|Mixed Platforms.ActiveCfg = Debug|Any CPU
		{2E0713AD-B87B-45C0-B79B-025C11701BFC}.Debug|Mixed Platforms.Build.0 = Debug|Any CPU
		{2E0713AD-B87B-45C0-B79B-025C11701BFC}.Debug|x64.ActiveCfg = Debug|Any CPU
		{2E0713AD-B87B-45C0-B79B-025C11701BFC}.Debug|x86.ActiveCfg = Debug|Any CPU
		{2E0713AD-B87B-45C0-B79B-025C11701BFC}.Release|Any CPU.ActiveCfg = Release|Any CPU
		{2E0713AD-B87B-45C0-B79B-025C11701BFC}.Release|Any CPU.Build.0 = Release|Any CPU
		{2E0713AD-B87B-45C0-B79B-025C11701BFC}.Release|Mixed Platforms.ActiveCfg = Release|Any CPU
		{2E0713AD-B87B-45C0-B79B-025C11701BFC}.Release|Mixed Platforms.Build.0 = Release|Any CPU
		{2E0713AD-B87B-45C0-B79B-025C11701BFC}.Release|x64.ActiveCfg = Release|Any CPU
		{2E0713AD-B87B-45C0-B79B-025C11701BFC}.Release|x86.ActiveCfg = Release|Any CPU
		{D3F7CFA2-D97D-4E92-A75C-31A6C7398F06}.Debug|Any CPU.ActiveCfg = Debug|Any CPU
		{D3F7CFA2-D97D-4E92-A75C-31A6C7398F06}.Debug|Any CPU.Build.0 = Debug|Any CPU
		{D3F7CFA2-D97D-4E92-A75C-31A6C7398F06}.Debug|Mixed Platforms.ActiveCfg = Debug|Any CPU
		{D3F7CFA2-D97D-4E92-A75C-31A6C7398F06}.Debug|Mixed Platforms.Build.0 = Debug|Any CPU
		{D3F7CFA2-D97D-4E92-A75C-31A6C7398F06}.Debug|x64.ActiveCfg = Debug|Any CPU
		{D3F7CFA2-D97D-4E92-A75C-31A6C7398F06}.Debug|x86.ActiveCfg = Debug|Any CPU
		{D3F7CFA2-D97D-4E92-A75C-31A6C7398F06}.Release|Any CPU.ActiveCfg = Release|Any CPU
		{D3F7CFA2-D97D-4E92-A75C-31A6C7398F06}.Release|Any CPU.Build.0 = Release|Any CPU
		{D3F7CFA2-D97D-4E92-A75C-31A6C7398F06}.Release|Mixed Platforms.ActiveCfg = Release|Any CPU
		{D3F7CFA2-D97D-4E92-A75C-31A6C7398F06}.Release|Mixed Platforms.Build.0 = Release|Any CPU
		{D3F7CFA2-D97D-4E92-A75C-31A6C7398F06}.Release|x64.ActiveCfg = Release|Any CPU
		{D3F7CFA2-D97D-4E92-A75C-31A6C7398F06}.Release|x86.ActiveCfg = Release|Any CPU
		{B170BD74-5116-41D8-A149-A3B049A142B3}.Debug|Any CPU.ActiveCfg = Debug|Any CPU
		{B170BD74-5116-41D8-A149-A3B049A142B3}.Debug|Any CPU.Build.0 = Debug|Any CPU
		{B170BD74-5116-41D8-A149-A3B049A142B3}.Debug|Mixed Platforms.ActiveCfg = Debug|Any CPU
		{B170BD74-5116-41D8-A149-A3B049A142B3}.Debug|Mixed Platforms.Build.0 = Debug|Any CPU
		{B170BD74-5116-41D8-A149-A3B049A142B3}.Debug|x64.ActiveCfg = Debug|Any CPU
		{B170BD74-5116-41D8-A149-A3B049A142B3}.Debug|x86.ActiveCfg = Debug|Any CPU
		{B170BD74-5116-41D8-A149-A3B049A142B3}.Release|Any CPU.ActiveCfg = Release|Any CPU
		{B170BD74-5116-41D8-A149-A3B049A142B3}.Release|Any CPU.Build.0 = Release|Any CPU
		{B170BD74-5116-41D8-A149-A3B049A142B3}.Release|Mixed Platforms.ActiveCfg = Release|Any CPU
		{B170BD74-5116-41D8-A149-A3B049A142B3}.Release|Mixed Platforms.Build.0 = Release|Any CPU
		{B170BD74-5116-41D8-A149-A3B049A142B3}.Release|x64.ActiveCfg = Release|Any CPU
		{B170BD74-5116-41D8-A149-A3B049A142B3}.Release|x86.ActiveCfg = Release|Any CPU
		{0DD11CA3-07FC-4BC6-823C-DBA79360D75A}.Debug|Any CPU.ActiveCfg = Debug|Any CPU
		{0DD11CA3-07FC-4BC6-823C-DBA79360D75A}.Debug|Any CPU.Build.0 = Debug|Any CPU
		{0DD11CA3-07FC-4BC6-823C-DBA79360D75A}.Debug|Mixed Platforms.ActiveCfg = Debug|Any CPU
		{0DD11CA3-07FC-4BC6-823C-DBA79360D75A}.Debug|Mixed Platforms.Build.0 = Debug|Any CPU
		{0DD11CA3-07FC-4BC6-823C-DBA79360D75A}.Debug|x64.ActiveCfg = Debug|Any CPU
		{0DD11CA3-07FC-4BC6-823C-DBA79360D75A}.Debug|x86.ActiveCfg = Debug|Any CPU
		{0DD11CA3-07FC-4BC6-823C-DBA79360D75A}.Release|Any CPU.ActiveCfg = Release|Any CPU
		{0DD11CA3-07FC-4BC6-823C-DBA79360D75A}.Release|Any CPU.Build.0 = Release|Any CPU
		{0DD11CA3-07FC-4BC6-823C-DBA79360D75A}.Release|Mixed Platforms.ActiveCfg = Release|Any CPU
		{0DD11CA3-07FC-4BC6-823C-DBA79360D75A}.Release|Mixed Platforms.Build.0 = Release|Any CPU
		{0DD11CA3-07FC-4BC6-823C-DBA79360D75A}.Release|x64.ActiveCfg = Release|Any CPU
		{0DD11CA3-07FC-4BC6-823C-DBA79360D75A}.Release|x86.ActiveCfg = Release|Any CPU
		{808414A6-741D-45DD-990E-4E015E871CFF}.Debug|Any CPU.ActiveCfg = Debug|x86
		{808414A6-741D-45DD-990E-4E015E871CFF}.Debug|Mixed Platforms.ActiveCfg = Debug|x86
		{808414A6-741D-45DD-990E-4E015E871CFF}.Debug|Mixed Platforms.Build.0 = Debug|x86
		{808414A6-741D-45DD-990E-4E015E871CFF}.Debug|x64.ActiveCfg = Debug|x86
		{808414A6-741D-45DD-990E-4E015E871CFF}.Debug|x86.ActiveCfg = Debug|x86
		{808414A6-741D-45DD-990E-4E015E871CFF}.Debug|x86.Build.0 = Debug|x86
		{808414A6-741D-45DD-990E-4E015E871CFF}.Release|Any CPU.ActiveCfg = Release|x86
		{808414A6-741D-45DD-990E-4E015E871CFF}.Release|Mixed Platforms.ActiveCfg = Release|x86
		{808414A6-741D-45DD-990E-4E015E871CFF}.Release|Mixed Platforms.Build.0 = Release|x86
		{808414A6-741D-45DD-990E-4E015E871CFF}.Release|x64.ActiveCfg = Release|x86
		{808414A6-741D-45DD-990E-4E015E871CFF}.Release|x86.ActiveCfg = Release|x86
		{808414A6-741D-45DD-990E-4E015E871CFF}.Release|x86.Build.0 = Release|x86
		{9A935CE7-CACA-4D23-96FD-8BE8045D9AD3}.Debug|Any CPU.ActiveCfg = Debug|Any CPU
		{9A935CE7-CACA-4D23-96FD-8BE8045D9AD3}.Debug|Any CPU.Build.0 = Debug|Any CPU
		{9A935CE7-CACA-4D23-96FD-8BE8045D9AD3}.Debug|Mixed Platforms.ActiveCfg = Debug|Any CPU
		{9A935CE7-CACA-4D23-96FD-8BE8045D9AD3}.Debug|Mixed Platforms.Build.0 = Debug|Any CPU
		{9A935CE7-CACA-4D23-96FD-8BE8045D9AD3}.Debug|x64.ActiveCfg = Debug|Any CPU
		{9A935CE7-CACA-4D23-96FD-8BE8045D9AD3}.Debug|x86.ActiveCfg = Debug|Any CPU
		{9A935CE7-CACA-4D23-96FD-8BE8045D9AD3}.Release|Any CPU.ActiveCfg = Release|Any CPU
		{9A935CE7-CACA-4D23-96FD-8BE8045D9AD3}.Release|Any CPU.Build.0 = Release|Any CPU
		{9A935CE7-CACA-4D23-96FD-8BE8045D9AD3}.Release|Mixed Platforms.ActiveCfg = Release|Any CPU
		{9A935CE7-CACA-4D23-96FD-8BE8045D9AD3}.Release|Mixed Platforms.Build.0 = Release|Any CPU
		{9A935CE7-CACA-4D23-96FD-8BE8045D9AD3}.Release|x64.ActiveCfg = Release|Any CPU
		{9A935CE7-CACA-4D23-96FD-8BE8045D9AD3}.Release|x86.ActiveCfg = Release|Any CPU
		{A6A88A15-37EE-46A2-B502-1E0AED53154A}.Debug|Any CPU.ActiveCfg = Debug|Any CPU
		{A6A88A15-37EE-46A2-B502-1E0AED53154A}.Debug|Any CPU.Build.0 = Debug|Any CPU
		{A6A88A15-37EE-46A2-B502-1E0AED53154A}.Debug|Mixed Platforms.ActiveCfg = Debug|Any CPU
		{A6A88A15-37EE-46A2-B502-1E0AED53154A}.Debug|Mixed Platforms.Build.0 = Debug|Any CPU
		{A6A88A15-37EE-46A2-B502-1E0AED53154A}.Debug|x64.ActiveCfg = Debug|Any CPU
		{A6A88A15-37EE-46A2-B502-1E0AED53154A}.Debug|x86.ActiveCfg = Debug|Any CPU
		{A6A88A15-37EE-46A2-B502-1E0AED53154A}.Release|Any CPU.ActiveCfg = Release|Any CPU
		{A6A88A15-37EE-46A2-B502-1E0AED53154A}.Release|Any CPU.Build.0 = Release|Any CPU
		{A6A88A15-37EE-46A2-B502-1E0AED53154A}.Release|Mixed Platforms.ActiveCfg = Release|Any CPU
		{A6A88A15-37EE-46A2-B502-1E0AED53154A}.Release|Mixed Platforms.Build.0 = Release|Any CPU
		{A6A88A15-37EE-46A2-B502-1E0AED53154A}.Release|x64.ActiveCfg = Release|Any CPU
		{A6A88A15-37EE-46A2-B502-1E0AED53154A}.Release|x86.ActiveCfg = Release|Any CPU
		{002C5A0F-8055-4664-8403-0D7BA9B35DB2}.Debug|Any CPU.ActiveCfg = Debug|x86
		{002C5A0F-8055-4664-8403-0D7BA9B35DB2}.Debug|Mixed Platforms.ActiveCfg = Debug|x86
		{002C5A0F-8055-4664-8403-0D7BA9B35DB2}.Debug|Mixed Platforms.Build.0 = Debug|x86
		{002C5A0F-8055-4664-8403-0D7BA9B35DB2}.Debug|x64.ActiveCfg = Debug|x86
		{002C5A0F-8055-4664-8403-0D7BA9B35DB2}.Debug|x86.ActiveCfg = Debug|x86
		{002C5A0F-8055-4664-8403-0D7BA9B35DB2}.Debug|x86.Build.0 = Debug|x86
		{002C5A0F-8055-4664-8403-0D7BA9B35DB2}.Release|Any CPU.ActiveCfg = Release|x86
		{002C5A0F-8055-4664-8403-0D7BA9B35DB2}.Release|Mixed Platforms.ActiveCfg = Release|x86
		{002C5A0F-8055-4664-8403-0D7BA9B35DB2}.Release|Mixed Platforms.Build.0 = Release|x86
		{002C5A0F-8055-4664-8403-0D7BA9B35DB2}.Release|x64.ActiveCfg = Release|x86
		{002C5A0F-8055-4664-8403-0D7BA9B35DB2}.Release|x86.ActiveCfg = Release|x86
		{002C5A0F-8055-4664-8403-0D7BA9B35DB2}.Release|x86.Build.0 = Release|x86
		{39B2032B-5276-4437-8717-DCAC9D9542B2}.Debug|Any CPU.ActiveCfg = Debug|x86
		{39B2032B-5276-4437-8717-DCAC9D9542B2}.Debug|Mixed Platforms.ActiveCfg = Debug|x86
		{39B2032B-5276-4437-8717-DCAC9D9542B2}.Debug|Mixed Platforms.Build.0 = Debug|x86
		{39B2032B-5276-4437-8717-DCAC9D9542B2}.Debug|x64.ActiveCfg = Debug|x86
		{39B2032B-5276-4437-8717-DCAC9D9542B2}.Debug|x86.ActiveCfg = Debug|x86
		{39B2032B-5276-4437-8717-DCAC9D9542B2}.Debug|x86.Build.0 = Debug|x86
		{39B2032B-5276-4437-8717-DCAC9D9542B2}.Release|Any CPU.ActiveCfg = Release|x86
		{39B2032B-5276-4437-8717-DCAC9D9542B2}.Release|Mixed Platforms.ActiveCfg = Release|x86
		{39B2032B-5276-4437-8717-DCAC9D9542B2}.Release|Mixed Platforms.Build.0 = Release|x86
		{39B2032B-5276-4437-8717-DCAC9D9542B2}.Release|x64.ActiveCfg = Release|x86
		{39B2032B-5276-4437-8717-DCAC9D9542B2}.Release|x86.ActiveCfg = Release|x86
		{39B2032B-5276-4437-8717-DCAC9D9542B2}.Release|x86.Build.0 = Release|x86
		{653A8887-2058-4893-A18A-21E3ADB068F5}.Debug|Any CPU.ActiveCfg = Debug|Any CPU
		{653A8887-2058-4893-A18A-21E3ADB068F5}.Debug|Any CPU.Build.0 = Debug|Any CPU
		{653A8887-2058-4893-A18A-21E3ADB068F5}.Debug|Mixed Platforms.ActiveCfg = Debug|Any CPU
		{653A8887-2058-4893-A18A-21E3ADB068F5}.Debug|Mixed Platforms.Build.0 = Debug|Any CPU
		{653A8887-2058-4893-A18A-21E3ADB068F5}.Debug|x64.ActiveCfg = Debug|Any CPU
		{653A8887-2058-4893-A18A-21E3ADB068F5}.Debug|x86.ActiveCfg = Debug|Any CPU
		{653A8887-2058-4893-A18A-21E3ADB068F5}.Release|Any CPU.ActiveCfg = Release|Any CPU
		{653A8887-2058-4893-A18A-21E3ADB068F5}.Release|Any CPU.Build.0 = Release|Any CPU
		{653A8887-2058-4893-A18A-21E3ADB068F5}.Release|Mixed Platforms.ActiveCfg = Release|Any CPU
		{653A8887-2058-4893-A18A-21E3ADB068F5}.Release|Mixed Platforms.Build.0 = Release|Any CPU
		{653A8887-2058-4893-A18A-21E3ADB068F5}.Release|x64.ActiveCfg = Release|Any CPU
		{653A8887-2058-4893-A18A-21E3ADB068F5}.Release|x86.ActiveCfg = Release|Any CPU
		{D7126F8E-6F4E-4AC7-B39F-C5900970D32E}.Debug|Any CPU.ActiveCfg = Debug|Any CPU
		{D7126F8E-6F4E-4AC7-B39F-C5900970D32E}.Debug|Any CPU.Build.0 = Debug|Any CPU
		{D7126F8E-6F4E-4AC7-B39F-C5900970D32E}.Debug|Mixed Platforms.ActiveCfg = Debug|Any CPU
		{D7126F8E-6F4E-4AC7-B39F-C5900970D32E}.Debug|Mixed Platforms.Build.0 = Debug|Any CPU
		{D7126F8E-6F4E-4AC7-B39F-C5900970D32E}.Debug|x64.ActiveCfg = Debug|Any CPU
		{D7126F8E-6F4E-4AC7-B39F-C5900970D32E}.Debug|x86.ActiveCfg = Debug|Any CPU
		{D7126F8E-6F4E-4AC7-B39F-C5900970D32E}.Release|Any CPU.ActiveCfg = Release|Any CPU
		{D7126F8E-6F4E-4AC7-B39F-C5900970D32E}.Release|Any CPU.Build.0 = Release|Any CPU
		{D7126F8E-6F4E-4AC7-B39F-C5900970D32E}.Release|Mixed Platforms.ActiveCfg = Release|Any CPU
		{D7126F8E-6F4E-4AC7-B39F-C5900970D32E}.Release|Mixed Platforms.Build.0 = Release|Any CPU
		{D7126F8E-6F4E-4AC7-B39F-C5900970D32E}.Release|x64.ActiveCfg = Release|Any CPU
		{D7126F8E-6F4E-4AC7-B39F-C5900970D32E}.Release|x86.ActiveCfg = Release|Any CPU
		{A547D8BF-3843-4508-BF5F-59943986B971}.Debug|Any CPU.ActiveCfg = Debug|x86
		{A547D8BF-3843-4508-BF5F-59943986B971}.Debug|Mixed Platforms.ActiveCfg = Debug|x86
		{A547D8BF-3843-4508-BF5F-59943986B971}.Debug|Mixed Platforms.Build.0 = Debug|x86
		{A547D8BF-3843-4508-BF5F-59943986B971}.Debug|x64.ActiveCfg = Debug|x86
		{A547D8BF-3843-4508-BF5F-59943986B971}.Debug|x86.ActiveCfg = Debug|x86
		{A547D8BF-3843-4508-BF5F-59943986B971}.Debug|x86.Build.0 = Debug|x86
		{A547D8BF-3843-4508-BF5F-59943986B971}.Release|Any CPU.ActiveCfg = Release|x86
		{A547D8BF-3843-4508-BF5F-59943986B971}.Release|Mixed Platforms.ActiveCfg = Release|x86
		{A547D8BF-3843-4508-BF5F-59943986B971}.Release|Mixed Platforms.Build.0 = Release|x86
		{A547D8BF-3843-4508-BF5F-59943986B971}.Release|x64.ActiveCfg = Release|x86
		{A547D8BF-3843-4508-BF5F-59943986B971}.Release|x86.ActiveCfg = Release|x86
		{A547D8BF-3843-4508-BF5F-59943986B971}.Release|x86.Build.0 = Release|x86
		{5B9F6F66-AB3C-4740-8499-07B52EC41FDD}.Debug|Any CPU.ActiveCfg = Debug|Any CPU
		{5B9F6F66-AB3C-4740-8499-07B52EC41FDD}.Debug|Any CPU.Build.0 = Debug|Any CPU
		{5B9F6F66-AB3C-4740-8499-07B52EC41FDD}.Debug|Mixed Platforms.ActiveCfg = Debug|Any CPU
		{5B9F6F66-AB3C-4740-8499-07B52EC41FDD}.Debug|Mixed Platforms.Build.0 = Debug|Any CPU
		{5B9F6F66-AB3C-4740-8499-07B52EC41FDD}.Debug|x64.ActiveCfg = Debug|Any CPU
		{5B9F6F66-AB3C-4740-8499-07B52EC41FDD}.Debug|x86.ActiveCfg = Debug|Any CPU
		{5B9F6F66-AB3C-4740-8499-07B52EC41FDD}.Release|Any CPU.ActiveCfg = Release|Any CPU
		{5B9F6F66-AB3C-4740-8499-07B52EC41FDD}.Release|Any CPU.Build.0 = Release|Any CPU
		{5B9F6F66-AB3C-4740-8499-07B52EC41FDD}.Release|Mixed Platforms.ActiveCfg = Release|Any CPU
		{5B9F6F66-AB3C-4740-8499-07B52EC41FDD}.Release|Mixed Platforms.Build.0 = Release|Any CPU
		{5B9F6F66-AB3C-4740-8499-07B52EC41FDD}.Release|x64.ActiveCfg = Release|Any CPU
		{5B9F6F66-AB3C-4740-8499-07B52EC41FDD}.Release|x86.ActiveCfg = Release|Any CPU
		{939BF0D5-4F8E-4554-B245-47789755833F}.Debug|Any CPU.ActiveCfg = Debug|Any CPU
		{939BF0D5-4F8E-4554-B245-47789755833F}.Debug|Any CPU.Build.0 = Debug|Any CPU
		{939BF0D5-4F8E-4554-B245-47789755833F}.Debug|Mixed Platforms.ActiveCfg = Debug|Any CPU
		{939BF0D5-4F8E-4554-B245-47789755833F}.Debug|Mixed Platforms.Build.0 = Debug|Any CPU
		{939BF0D5-4F8E-4554-B245-47789755833F}.Debug|x64.ActiveCfg = Debug|Any CPU
		{939BF0D5-4F8E-4554-B245-47789755833F}.Debug|x86.ActiveCfg = Debug|Any CPU
		{939BF0D5-4F8E-4554-B245-47789755833F}.Release|Any CPU.ActiveCfg = Release|Any CPU
		{939BF0D5-4F8E-4554-B245-47789755833F}.Release|Any CPU.Build.0 = Release|Any CPU
		{939BF0D5-4F8E-4554-B245-47789755833F}.Release|Mixed Platforms.ActiveCfg = Release|Any CPU
		{939BF0D5-4F8E-4554-B245-47789755833F}.Release|Mixed Platforms.Build.0 = Release|Any CPU
		{939BF0D5-4F8E-4554-B245-47789755833F}.Release|x64.ActiveCfg = Release|Any CPU
		{939BF0D5-4F8E-4554-B245-47789755833F}.Release|x86.ActiveCfg = Release|Any CPU
		{709DF0AF-C4BC-46B4-85FE-F2AFDF77CF96}.Debug|Any CPU.ActiveCfg = Debug|Any CPU
		{709DF0AF-C4BC-46B4-85FE-F2AFDF77CF96}.Debug|Any CPU.Build.0 = Debug|Any CPU
		{709DF0AF-C4BC-46B4-85FE-F2AFDF77CF96}.Debug|Mixed Platforms.ActiveCfg = Debug|Any CPU
		{709DF0AF-C4BC-46B4-85FE-F2AFDF77CF96}.Debug|Mixed Platforms.Build.0 = Debug|Any CPU
		{709DF0AF-C4BC-46B4-85FE-F2AFDF77CF96}.Debug|x64.ActiveCfg = Debug|Any CPU
		{709DF0AF-C4BC-46B4-85FE-F2AFDF77CF96}.Debug|x86.ActiveCfg = Debug|Any CPU
		{709DF0AF-C4BC-46B4-85FE-F2AFDF77CF96}.Release|Any CPU.ActiveCfg = Release|Any CPU
		{709DF0AF-C4BC-46B4-85FE-F2AFDF77CF96}.Release|Any CPU.Build.0 = Release|Any CPU
		{709DF0AF-C4BC-46B4-85FE-F2AFDF77CF96}.Release|Mixed Platforms.ActiveCfg = Release|Any CPU
		{709DF0AF-C4BC-46B4-85FE-F2AFDF77CF96}.Release|Mixed Platforms.Build.0 = Release|Any CPU
		{709DF0AF-C4BC-46B4-85FE-F2AFDF77CF96}.Release|x64.ActiveCfg = Release|Any CPU
		{709DF0AF-C4BC-46B4-85FE-F2AFDF77CF96}.Release|x86.ActiveCfg = Release|Any CPU
		{8BE205E5-2F4A-4B11-90BB-F13773F08150}.Debug|Any CPU.ActiveCfg = Debug|Any CPU
		{8BE205E5-2F4A-4B11-90BB-F13773F08150}.Debug|Any CPU.Build.0 = Debug|Any CPU
		{8BE205E5-2F4A-4B11-90BB-F13773F08150}.Debug|Mixed Platforms.ActiveCfg = Debug|Any CPU
		{8BE205E5-2F4A-4B11-90BB-F13773F08150}.Debug|Mixed Platforms.Build.0 = Debug|Any CPU
		{8BE205E5-2F4A-4B11-90BB-F13773F08150}.Debug|x64.ActiveCfg = Debug|Any CPU
		{8BE205E5-2F4A-4B11-90BB-F13773F08150}.Debug|x86.ActiveCfg = Debug|Any CPU
		{8BE205E5-2F4A-4B11-90BB-F13773F08150}.Release|Any CPU.ActiveCfg = Release|Any CPU
		{8BE205E5-2F4A-4B11-90BB-F13773F08150}.Release|Any CPU.Build.0 = Release|Any CPU
		{8BE205E5-2F4A-4B11-90BB-F13773F08150}.Release|Mixed Platforms.ActiveCfg = Release|Any CPU
		{8BE205E5-2F4A-4B11-90BB-F13773F08150}.Release|Mixed Platforms.Build.0 = Release|Any CPU
		{8BE205E5-2F4A-4B11-90BB-F13773F08150}.Release|x64.ActiveCfg = Release|Any CPU
		{8BE205E5-2F4A-4B11-90BB-F13773F08150}.Release|x86.ActiveCfg = Release|Any CPU
		{FCE43A38-7BF5-4525-8F43-B5FE9C94D7AC}.Debug|Any CPU.ActiveCfg = Debug|Any CPU
		{FCE43A38-7BF5-4525-8F43-B5FE9C94D7AC}.Debug|Any CPU.Build.0 = Debug|Any CPU
		{FCE43A38-7BF5-4525-8F43-B5FE9C94D7AC}.Debug|Mixed Platforms.ActiveCfg = Debug|Any CPU
		{FCE43A38-7BF5-4525-8F43-B5FE9C94D7AC}.Debug|Mixed Platforms.Build.0 = Debug|Any CPU
		{FCE43A38-7BF5-4525-8F43-B5FE9C94D7AC}.Debug|x64.ActiveCfg = Debug|Any CPU
		{FCE43A38-7BF5-4525-8F43-B5FE9C94D7AC}.Debug|x86.ActiveCfg = Debug|Any CPU
		{FCE43A38-7BF5-4525-8F43-B5FE9C94D7AC}.Release|Any CPU.ActiveCfg = Release|Any CPU
		{FCE43A38-7BF5-4525-8F43-B5FE9C94D7AC}.Release|Any CPU.Build.0 = Release|Any CPU
		{FCE43A38-7BF5-4525-8F43-B5FE9C94D7AC}.Release|Mixed Platforms.ActiveCfg = Release|Any CPU
		{FCE43A38-7BF5-4525-8F43-B5FE9C94D7AC}.Release|Mixed Platforms.Build.0 = Release|Any CPU
		{FCE43A38-7BF5-4525-8F43-B5FE9C94D7AC}.Release|x64.ActiveCfg = Release|Any CPU
		{FCE43A38-7BF5-4525-8F43-B5FE9C94D7AC}.Release|x86.ActiveCfg = Release|Any CPU
		{D6F9D0AB-E340-4E63-81E8-FB7B4AE238D8}.Debug|Any CPU.ActiveCfg = Debug|Any CPU
		{D6F9D0AB-E340-4E63-81E8-FB7B4AE238D8}.Debug|Any CPU.Build.0 = Debug|Any CPU
		{D6F9D0AB-E340-4E63-81E8-FB7B4AE238D8}.Debug|Mixed Platforms.ActiveCfg = Debug|Any CPU
		{D6F9D0AB-E340-4E63-81E8-FB7B4AE238D8}.Debug|Mixed Platforms.Build.0 = Debug|Any CPU
		{D6F9D0AB-E340-4E63-81E8-FB7B4AE238D8}.Debug|x64.ActiveCfg = Debug|Any CPU
		{D6F9D0AB-E340-4E63-81E8-FB7B4AE238D8}.Debug|x86.ActiveCfg = Debug|Any CPU
		{D6F9D0AB-E340-4E63-81E8-FB7B4AE238D8}.Release|Any CPU.ActiveCfg = Release|Any CPU
		{D6F9D0AB-E340-4E63-81E8-FB7B4AE238D8}.Release|Any CPU.Build.0 = Release|Any CPU
		{D6F9D0AB-E340-4E63-81E8-FB7B4AE238D8}.Release|Mixed Platforms.ActiveCfg = Release|Any CPU
		{D6F9D0AB-E340-4E63-81E8-FB7B4AE238D8}.Release|Mixed Platforms.Build.0 = Release|Any CPU
		{D6F9D0AB-E340-4E63-81E8-FB7B4AE238D8}.Release|x64.ActiveCfg = Release|Any CPU
		{D6F9D0AB-E340-4E63-81E8-FB7B4AE238D8}.Release|x86.ActiveCfg = Release|Any CPU
		{3F5F4B7E-07FF-49AC-AB6B-96C023918AB2}.Debug|Any CPU.ActiveCfg = Debug|x86
		{3F5F4B7E-07FF-49AC-AB6B-96C023918AB2}.Debug|Mixed Platforms.ActiveCfg = Debug|x86
		{3F5F4B7E-07FF-49AC-AB6B-96C023918AB2}.Debug|Mixed Platforms.Build.0 = Debug|x86
		{3F5F4B7E-07FF-49AC-AB6B-96C023918AB2}.Debug|x64.ActiveCfg = Debug|x86
		{3F5F4B7E-07FF-49AC-AB6B-96C023918AB2}.Debug|x86.ActiveCfg = Debug|x86
		{3F5F4B7E-07FF-49AC-AB6B-96C023918AB2}.Debug|x86.Build.0 = Debug|x86
		{3F5F4B7E-07FF-49AC-AB6B-96C023918AB2}.Release|Any CPU.ActiveCfg = Release|x86
		{3F5F4B7E-07FF-49AC-AB6B-96C023918AB2}.Release|Mixed Platforms.ActiveCfg = Release|x86
		{3F5F4B7E-07FF-49AC-AB6B-96C023918AB2}.Release|Mixed Platforms.Build.0 = Release|x86
		{3F5F4B7E-07FF-49AC-AB6B-96C023918AB2}.Release|x64.ActiveCfg = Release|x86
		{3F5F4B7E-07FF-49AC-AB6B-96C023918AB2}.Release|x86.ActiveCfg = Release|x86
		{3F5F4B7E-07FF-49AC-AB6B-96C023918AB2}.Release|x86.Build.0 = Release|x86
		{04765C4F-909E-4597-8FA0-701C49FC8048}.Debug|Any CPU.ActiveCfg = Debug|Any CPU
		{04765C4F-909E-4597-8FA0-701C49FC8048}.Debug|Any CPU.Build.0 = Debug|Any CPU
		{04765C4F-909E-4597-8FA0-701C49FC8048}.Debug|Mixed Platforms.ActiveCfg = Debug|Any CPU
		{04765C4F-909E-4597-8FA0-701C49FC8048}.Debug|Mixed Platforms.Build.0 = Debug|Any CPU
		{04765C4F-909E-4597-8FA0-701C49FC8048}.Debug|x64.ActiveCfg = Debug|Any CPU
		{04765C4F-909E-4597-8FA0-701C49FC8048}.Debug|x86.ActiveCfg = Debug|Any CPU
		{04765C4F-909E-4597-8FA0-701C49FC8048}.Release|Any CPU.ActiveCfg = Release|Any CPU
		{04765C4F-909E-4597-8FA0-701C49FC8048}.Release|Any CPU.Build.0 = Release|Any CPU
		{04765C4F-909E-4597-8FA0-701C49FC8048}.Release|Mixed Platforms.ActiveCfg = Release|Any CPU
		{04765C4F-909E-4597-8FA0-701C49FC8048}.Release|Mixed Platforms.Build.0 = Release|Any CPU
		{04765C4F-909E-4597-8FA0-701C49FC8048}.Release|x64.ActiveCfg = Release|Any CPU
		{04765C4F-909E-4597-8FA0-701C49FC8048}.Release|x86.ActiveCfg = Release|Any CPU
		{BA6976EB-8BB7-4AA8-ABFA-408A2511B5C1}.Debug|Any CPU.ActiveCfg = Debug|Any CPU
		{BA6976EB-8BB7-4AA8-ABFA-408A2511B5C1}.Debug|Any CPU.Build.0 = Debug|Any CPU
		{BA6976EB-8BB7-4AA8-ABFA-408A2511B5C1}.Debug|Mixed Platforms.ActiveCfg = Debug|Any CPU
		{BA6976EB-8BB7-4AA8-ABFA-408A2511B5C1}.Debug|Mixed Platforms.Build.0 = Debug|Any CPU
		{BA6976EB-8BB7-4AA8-ABFA-408A2511B5C1}.Debug|x64.ActiveCfg = Debug|Any CPU
		{BA6976EB-8BB7-4AA8-ABFA-408A2511B5C1}.Debug|x86.ActiveCfg = Debug|Any CPU
		{BA6976EB-8BB7-4AA8-ABFA-408A2511B5C1}.Release|Any CPU.ActiveCfg = Release|Any CPU
		{BA6976EB-8BB7-4AA8-ABFA-408A2511B5C1}.Release|Any CPU.Build.0 = Release|Any CPU
		{BA6976EB-8BB7-4AA8-ABFA-408A2511B5C1}.Release|Mixed Platforms.ActiveCfg = Release|Any CPU
		{BA6976EB-8BB7-4AA8-ABFA-408A2511B5C1}.Release|Mixed Platforms.Build.0 = Release|Any CPU
		{BA6976EB-8BB7-4AA8-ABFA-408A2511B5C1}.Release|x64.ActiveCfg = Release|Any CPU
		{BA6976EB-8BB7-4AA8-ABFA-408A2511B5C1}.Release|x86.ActiveCfg = Release|Any CPU
		{1EC66028-1EF9-4F78-B3AA-92A889223B51}.Debug|Any CPU.ActiveCfg = Debug|Any CPU
		{1EC66028-1EF9-4F78-B3AA-92A889223B51}.Debug|Any CPU.Build.0 = Debug|Any CPU
		{1EC66028-1EF9-4F78-B3AA-92A889223B51}.Debug|Mixed Platforms.ActiveCfg = Debug|Any CPU
		{1EC66028-1EF9-4F78-B3AA-92A889223B51}.Debug|Mixed Platforms.Build.0 = Debug|Any CPU
		{1EC66028-1EF9-4F78-B3AA-92A889223B51}.Debug|x64.ActiveCfg = Debug|Any CPU
		{1EC66028-1EF9-4F78-B3AA-92A889223B51}.Debug|x86.ActiveCfg = Debug|Any CPU
		{1EC66028-1EF9-4F78-B3AA-92A889223B51}.Release|Any CPU.ActiveCfg = Release|Any CPU
		{1EC66028-1EF9-4F78-B3AA-92A889223B51}.Release|Any CPU.Build.0 = Release|Any CPU
		{1EC66028-1EF9-4F78-B3AA-92A889223B51}.Release|Mixed Platforms.ActiveCfg = Release|Any CPU
		{1EC66028-1EF9-4F78-B3AA-92A889223B51}.Release|Mixed Platforms.Build.0 = Release|Any CPU
		{1EC66028-1EF9-4F78-B3AA-92A889223B51}.Release|x64.ActiveCfg = Release|Any CPU
		{1EC66028-1EF9-4F78-B3AA-92A889223B51}.Release|x86.ActiveCfg = Release|Any CPU
		{68F1A91A-6995-4A0C-BA06-328909A41189}.Debug|Any CPU.ActiveCfg = Debug|Any CPU
		{68F1A91A-6995-4A0C-BA06-328909A41189}.Debug|Any CPU.Build.0 = Debug|Any CPU
		{68F1A91A-6995-4A0C-BA06-328909A41189}.Debug|Mixed Platforms.ActiveCfg = Debug|Any CPU
		{68F1A91A-6995-4A0C-BA06-328909A41189}.Debug|Mixed Platforms.Build.0 = Debug|Any CPU
		{68F1A91A-6995-4A0C-BA06-328909A41189}.Debug|x64.ActiveCfg = Debug|Any CPU
		{68F1A91A-6995-4A0C-BA06-328909A41189}.Debug|x86.ActiveCfg = Debug|Any CPU
		{68F1A91A-6995-4A0C-BA06-328909A41189}.Release|Any CPU.ActiveCfg = Release|Any CPU
		{68F1A91A-6995-4A0C-BA06-328909A41189}.Release|Any CPU.Build.0 = Release|Any CPU
		{68F1A91A-6995-4A0C-BA06-328909A41189}.Release|Mixed Platforms.ActiveCfg = Release|Any CPU
		{68F1A91A-6995-4A0C-BA06-328909A41189}.Release|Mixed Platforms.Build.0 = Release|Any CPU
		{68F1A91A-6995-4A0C-BA06-328909A41189}.Release|x64.ActiveCfg = Release|Any CPU
		{68F1A91A-6995-4A0C-BA06-328909A41189}.Release|x86.ActiveCfg = Release|Any CPU
	EndGlobalSection
	GlobalSection(SolutionProperties) = preSolution
		HideSolutionNode = FALSE
	EndGlobalSection
	GlobalSection(NestedProjects) = preSolution
		{56F309DE-0875-4B5A-B06F-3976B82FC9E0} = {0E75D224-306A-4B63-8597-059D432DB97E}
		{9CA43DA2-69B4-4112-9126-E1A6D0FA20B1} = {0E75D224-306A-4B63-8597-059D432DB97E}
		{65F158F5-FDDC-4EBF-A1CB-1DC34D953159} = {0E75D224-306A-4B63-8597-059D432DB97E}
		{B170BD74-5116-41D8-A149-A3B049A142B3} = {0E75D224-306A-4B63-8597-059D432DB97E}
		{653A8887-2058-4893-A18A-21E3ADB068F5} = {0E75D224-306A-4B63-8597-059D432DB97E}
		{D3F7CFA2-D97D-4E92-A75C-31A6C7398F06} = {D80D1401-5CF7-4CB0-9C79-1A6337041615}
		{0DD11CA3-07FC-4BC6-823C-DBA79360D75A} = {D80D1401-5CF7-4CB0-9C79-1A6337041615}
		{808414A6-741D-45DD-990E-4E015E871CFF} = {D80D1401-5CF7-4CB0-9C79-1A6337041615}
		{39B2032B-5276-4437-8717-DCAC9D9542B2} = {65F158F5-FDDC-4EBF-A1CB-1DC34D953159}
		{A547D8BF-3843-4508-BF5F-59943986B971} = {65F158F5-FDDC-4EBF-A1CB-1DC34D953159}
		{B7822A58-E10A-4051-80B1-B59B836FE611} = {65F158F5-FDDC-4EBF-A1CB-1DC34D953159}
		{2956C94D-49E2-4A9A-83E6-D746F79CF9B6} = {706403C8-8A6F-49FB-A03F-B917E5F81905}
		{CB2C6716-2C02-409B-8AF6-AF4CD16E1AC1} = {706403C8-8A6F-49FB-A03F-B917E5F81905}
		{D7126F8E-6F4E-4AC7-B39F-C5900970D32E} = {2956C94D-49E2-4A9A-83E6-D746F79CF9B6}
		{04765C4F-909E-4597-8FA0-701C49FC8048} = {2956C94D-49E2-4A9A-83E6-D746F79CF9B6}
		{9A935CE7-CACA-4D23-96FD-8BE8045D9AD3} = {3AB045EC-8A38-4B15-805C-8BC7DC3DD24E}
		{A6A88A15-37EE-46A2-B502-1E0AED53154A} = {12FDF299-A08F-4226-A5A8-18067B557404}
		{002C5A0F-8055-4664-8403-0D7BA9B35DB2} = {00C4508F-2A4A-4943-82DE-319577D74FC0}
		{5B9F6F66-AB3C-4740-8499-07B52EC41FDD} = {B7822A58-E10A-4051-80B1-B59B836FE611}
		{709DF0AF-C4BC-46B4-85FE-F2AFDF77CF96} = {B7822A58-E10A-4051-80B1-B59B836FE611}
		{8BE205E5-2F4A-4B11-90BB-F13773F08150} = {B7822A58-E10A-4051-80B1-B59B836FE611}
		{FCE43A38-7BF5-4525-8F43-B5FE9C94D7AC} = {B7822A58-E10A-4051-80B1-B59B836FE611}
		{939BF0D5-4F8E-4554-B245-47789755833F} = {0E5BA4A7-E56E-4456-B7F6-C16309F88354}
		{D6F9D0AB-E340-4E63-81E8-FB7B4AE238D8} = {0E5BA4A7-E56E-4456-B7F6-C16309F88354}
		{3F5F4B7E-07FF-49AC-AB6B-96C023918AB2} = {CB2C6716-2C02-409B-8AF6-AF4CD16E1AC1}
		{2B5774BE-CF76-42BF-AC98-F6BC96108351} = {CB2C6716-2C02-409B-8AF6-AF4CD16E1AC1}
		{BA6976EB-8BB7-4AA8-ABFA-408A2511B5C1} = {2B5774BE-CF76-42BF-AC98-F6BC96108351}
		{1EC66028-1EF9-4F78-B3AA-92A889223B51} = {2B5774BE-CF76-42BF-AC98-F6BC96108351}
		{68F1A91A-6995-4A0C-BA06-328909A41189} = {2B5774BE-CF76-42BF-AC98-F6BC96108351}
	EndGlobalSection
EndGlobal
